
Microsoft Visual Studio Solution File, Format Version 12.00
# Visual Studio Version 17
VisualStudioVersion = 17.14.36915.13
MinimumVisualStudioVersion = 10.0.40219.1
Project("{FAE04EC0-301F-11D3-BF4B-00C04F79EFBC}") = "eCommerce.API", "eCommerce.API\eCommerce.API.csproj", "{1620C905-DB53-4EAE-986D-CEF8AA38C76F}"
EndProject
Project("{FAE04EC0-301F-11D3-BF4B-00C04F79EFBC}") = "eCommerce.Infrastructure", "eCommerce.Infrastructure\eCommerce.Infrastructure.csproj", "{3C099869-0A38-4903-AAB0-1929433E1E18}"
EndProject
Project("{FAE04EC0-301F-11D3-BF4B-00C04F79EFBC}") = "eCommerce.Core", "eCommerce.Core\eCommerce.Core.csproj", "{D688DCCA-A3F6-4D46-9179-DEB4D6C715C1}"
EndProject
Project("{2150E333-8FDC-42A3-9474-1A3956D46DE8}") = "misc", "misc", "{C841F5C2-8F30-5BE9-ECA6-260644CF6F9F}"
	ProjectSection(SolutionItems) = preProject
		RequestsPostman.txt = RequestsPostman.txt
	EndProjectSection
EndProject
Global
	GlobalSection(SolutionConfigurationPlatforms) = preSolution
		Debug|Any CPU = Debug|Any CPU
		Release|Any CPU = Release|Any CPU
	EndGlobalSection
	GlobalSection(ProjectConfigurationPlatforms) = postSolution
		{1620C905-DB53-4EAE-986D-CEF8AA38C76F}.Debug|Any CPU.ActiveCfg = Debug|Any CPU
		{1620C905-DB53-4EAE-986D-CEF8AA38C76F}.Debug|Any CPU.Build.0 = Debug|Any CPU
		{1620C905-DB53-4EAE-986D-CEF8AA38C76F}.Release|Any CPU.ActiveCfg = Release|Any CPU
		{1620C905-DB53-4EAE-986D-CEF8AA38C76F}.Release|Any CPU.Build.0 = Release|Any CPU
		{3C099869-0A38-4903-AAB0-1929433E1E18}.Debug|Any CPU.ActiveCfg = Debug|Any CPU
		{3C099869-0A38-4903-AAB0-1929433E1E18}.Debug|Any CPU.Build.0 = Debug|Any CPU
		{3C099869-0A38-4903-AAB0-1929433E1E18}.Release|Any CPU.ActiveCfg = Release|Any CPU
		{3C099869-0A38-4903-AAB0-1929433E1E18}.Release|Any CPU.Build.0 = Release|Any CPU
		{D688DCCA-A3F6-4D46-9179-DEB4D6C715C1}.Debug|Any CPU.ActiveCfg = Debug|Any CPU
		{D688DCCA-A3F6-4D46-9179-DEB4D6C715C1}.Debug|Any CPU.Build.0 = Debug|Any CPU
		{D688DCCA-A3F6-4D46-9179-DEB4D6C715C1}.Release|Any CPU.ActiveCfg = Release|Any CPU
		{D688DCCA-A3F6-4D46-9179-DEB4D6C715C1}.Release|Any CPU.Build.0 = Release|Any CPU
	EndGlobalSection
	GlobalSection(SolutionProperties) = preSolution
		HideSolutionNode = FALSE
	EndGlobalSection
	GlobalSection(ExtensibilityGlobals) = postSolution
		SolutionGuid = {8D2FCAEC-C147-4148-962E-770FB5F67FB2}
	EndGlobalSection
EndGlobal
